{
  "name": "shorten",
  "version": "0.0.1",
  "dependencies": {
    "level": {
      "version": "0.17.0-1",
      "from": "level@~0.17.0-1",
      "dependencies": {
        "leveldown": {
          "version": "0.9.1",
          "from": "leveldown@~0.9.0",
          "dependencies": {
            "bindings": {
              "version": "1.1.1",
              "from": "bindings@~1.1.1"
            },
            "nan": {
              "version": "0.4.1",
              "from": "nan@~0.4.0"
            }
          }
        },
        "level-packager": {
          "version": "0.17.0-5",
          "from": "level-packager@~0.17.0",
          "dependencies": {
            "levelup": {
              "version": "0.17.0",
              "from": "levelup@~0.17.0",
              "dependencies": {
                "errno": {
                  "version": "0.1.0",
                  "from": "errno@~0.1.0"
                },
                "concat-stream": {
                  "version": "0.1.1",
                  "from": "concat-stream@~0.1.1"
                },
                "readable-stream": {
                  "version": "1.0.17",
                  "from": "readable-stream@~1.0.15"
                },
                "xtend": {
                  "version": "2.1.1",
                  "from": "xtend@~2.1.1",
                  "dependencies": {
                    "object-keys": {
                      "version": "0.4.0",
                      "from": "object-keys@~0.4.0"
                    }
                  }
                },
                "prr": {
                  "version": "0.0.0",
                  "from": "prr@~0.0.0"
                },
                "semver": {
                  "version": "1.1.4",
                  "from": "semver@~1.1.4"
                },
                "bops": {
                  "version": "0.0.7",
                  "from": "bops@~0.0.6",
                  "dependencies": {
                    "base64-js": {
                      "version": "0.0.2",
                      "from": "base64-js@0.0.2"
                    },
                    "to-utf8": {
                      "version": "0.0.1",
                      "from": "to-utf8@0.0.1"
                    }
                  }
                },
                "deferred-leveldown": {
                  "version": "0.0.1",
                  "from": "deferred-leveldown@~0.0.1",
                  "dependencies": {
                    "abstract-leveldown": {
                      "version": "0.10.2",
                      "from": "abstract-leveldown@~0.10.1"
                    }
                  }
                }
              }
            }
          }
        }
      }
    }
  }
}
